// !$*UTF8*$!
{
	archiveVersion = 1;
	classes = {
	};
	objectVersion = 50;
	objects = {

/* Begin PBXBuildFile section */
		4B1085AD22B2E36000F4CADD /* AppDelegate.swift in Sources */ = {isa = PBXBuildFile; fileRef = 4B1085AC22B2E36000F4CADD /* AppDelegate.swift */; };
		4B1085B222B2E36000F4CADD /* Main.storyboard in Resources */ = {isa = PBXBuildFile; fileRef = 4B1085B022B2E36000F4CADD /* Main.storyboard */; };
		4B1085B422B2E36500F4CADD /* Assets.xcassets in Resources */ = {isa = PBXBuildFile; fileRef = 4B1085B322B2E36500F4CADD /* Assets.xcassets */; };
		4B1085B722B2E36500F4CADD /* LaunchScreen.storyboard in Resources */ = {isa = PBXBuildFile; fileRef = 4B1085B522B2E36500F4CADD /* LaunchScreen.storyboard */; };
		4B1085BF22B2E6CD00F4CADD /* Photo.swift in Sources */ = {isa = PBXBuildFile; fileRef = 4B1085BE22B2E6CC00F4CADD /* Photo.swift */; };
		4B1085C122B2E9F700F4CADD /* PhotoController.swift in Sources */ = {isa = PBXBuildFile; fileRef = 4B1085C022B2E9F700F4CADD /* PhotoController.swift */; };
		4B1085C322B3080C00F4CADD /* ThemeHelper.swift in Sources */ = {isa = PBXBuildFile; fileRef = 4B1085C222B3080C00F4CADD /* ThemeHelper.swift */; };
		4B1085C722B30A0200F4CADD /* PhotosCollectionViewController.swift in Sources */ = {isa = PBXBuildFile; fileRef = 4B1085C622B30A0200F4CADD /* PhotosCollectionViewController.swift */; };
/* End PBXBuildFile section */

/* Begin PBXFileReference section */
		4B1085A922B2E35F00F4CADD /* PhotoCollection.app */ = {isa = PBXFileReference; explicitFileType = wrapper.application; includeInIndex = 0; path = PhotoCollection.app; sourceTree = BUILT_PRODUCTS_DIR; };
		4B1085AC22B2E36000F4CADD /* AppDelegate.swift */ = {isa = PBXFileReference; lastKnownFileType = sourcecode.swift; path = AppDelegate.swift; sourceTree = "<group>"; };
		4B1085B122B2E36000F4CADD /* Base */ = {isa = PBXFileReference; lastKnownFileType = file.storyboard; name = Base; path = Base.lproj/Main.storyboard; sourceTree = "<group>"; };
		4B1085B322B2E36500F4CADD /* Assets.xcassets */ = {isa = PBXFileReference; lastKnownFileType = folder.assetcatalog; path = Assets.xcassets; sourceTree = "<group>"; };
		4B1085B622B2E36500F4CADD /* Base */ = {isa = PBXFileReference; lastKnownFileType = file.storyboard; name = Base; path = Base.lproj/LaunchScreen.storyboard; sourceTree = "<group>"; };
		4B1085B822B2E36500F4CADD /* Info.plist */ = {isa = PBXFileReference; lastKnownFileType = text.plist.xml; path = Info.plist; sourceTree = "<group>"; };
		4B1085BE22B2E6CC00F4CADD /* Photo.swift */ = {isa = PBXFileReference; lastKnownFileType = sourcecode.swift; path = Photo.swift; sourceTree = "<group>"; };
		4B1085C022B2E9F700F4CADD /* PhotoController.swift */ = {isa = PBXFileReference; lastKnownFileType = sourcecode.swift; path = PhotoController.swift; sourceTree = "<group>"; };
		4B1085C222B3080C00F4CADD /* ThemeHelper.swift */ = {isa = PBXFileReference; fileEncoding = 4; lastKnownFileType = sourcecode.swift; path = ThemeHelper.swift; sourceTree = "<group>"; };
		4B1085C622B30A0200F4CADD /* PhotosCollectionViewController.swift */ = {isa = PBXFileReference; lastKnownFileType = sourcecode.swift; path = PhotosCollectionViewController.swift; sourceTree = "<group>"; };
/* End PBXFileReference section */

/* Begin PBXFrameworksBuildPhase section */
		4B1085A622B2E35F00F4CADD /* Frameworks */ = {
			isa = PBXFrameworksBuildPhase;
			buildActionMask = 2147483647;
			files = (
			);
			runOnlyForDeploymentPostprocessing = 0;
		};
/* End PBXFrameworksBuildPhase section */

/* Begin PBXGroup section */
		4B1085A022B2E35F00F4CADD = {
			isa = PBXGroup;
			children = (
				4B1085C622B30A0200F4CADD /* PhotosCollectionViewController.swift */,
				4B1085AB22B2E36000F4CADD /* PhotoCollection */,
				4B1085AA22B2E35F00F4CADD /* Products */,
			);
			sourceTree = "<group>";
		};
		4B1085AA22B2E35F00F4CADD /* Products */ = {
			isa = PBXGroup;
			children = (
				4B1085A922B2E35F00F4CADD /* PhotoCollection.app */,
			);
			name = Products;
			sourceTree = "<group>";
		};
		4B1085AB22B2E36000F4CADD /* PhotoCollection */ = {
			isa = PBXGroup;
			children = (
				4B1085AC22B2E36000F4CADD /* AppDelegate.swift */,
				4B1085B022B2E36000F4CADD /* Main.storyboard */,
				4B1085C222B3080C00F4CADD /* ThemeHelper.swift */,
				4B1085BE22B2E6CC00F4CADD /* Photo.swift */,
				4B1085C022B2E9F700F4CADD /* PhotoController.swift */,
				4B1085B322B2E36500F4CADD /* Assets.xcassets */,
				4B1085B522B2E36500F4CADD /* LaunchScreen.storyboard */,
				4B1085B822B2E36500F4CADD /* Info.plist */,
			);
			path = PhotoCollection;
			sourceTree = "<group>";
		};
/* End PBXGroup section */

/* Begin PBXNativeTarget section */
		4B1085A822B2E35F00F4CADD /* PhotoCollection */ = {
			isa = PBXNativeTarget;
			buildConfigurationList = 4B1085BB22B2E36500F4CADD /* Build configuration list for PBXNativeTarget "PhotoCollection" */;
			buildPhases = (
				4B1085A522B2E35F00F4CADD /* Sources */,
				4B1085A622B2E35F00F4CADD /* Frameworks */,
				4B1085A722B2E35F00F4CADD /* Resources */,
			);
			buildRules = (
			);
			dependencies = (
			);
			name = PhotoCollection;
			productName = PhotoCollection;
			productReference = 4B1085A922B2E35F00F4CADD /* PhotoCollection.app */;
			productType = "com.apple.product-type.application";
		};
/* End PBXNativeTarget section */

/* Begin PBXProject section */
		4B1085A122B2E35F00F4CADD /* Project object */ = {
			isa = PBXProject;
			attributes = {
				LastSwiftUpdateCheck = 1020;
				LastUpgradeCheck = 1020;
				ORGANIZATIONNAME = "Thoai Le";
				TargetAttributes = {
					4B1085A822B2E35F00F4CADD = {
						CreatedOnToolsVersion = 10.2.1;
					};
				};
			};
			buildConfigurationList = 4B1085A422B2E35F00F4CADD /* Build configuration list for PBXProject "PhotoCollection" */;
			compatibilityVersion = "Xcode 9.3";
			developmentRegion = en;
			hasScannedForEncodings = 0;
			knownRegions = (
				en,
				Base,
			);
			mainGroup = 4B1085A022B2E35F00F4CADD;
			productRefGroup = 4B1085AA22B2E35F00F4CADD /* Products */;
			projectDirPath = "";
			projectRoot = "";
			targets = (
				4B1085A822B2E35F00F4CADD /* PhotoCollection */,
			);
		};
/* End PBXProject section */

/* Begin PBXResourcesBuildPhase section */
		4B1085A722B2E35F00F4CADD /* Resources */ = {
			isa = PBXResourcesBuildPhase;
			buildActionMask = 2147483647;
			files = (
				4B1085B722B2E36500F4CADD /* LaunchScreen.storyboard in Resources */,
				4B1085B422B2E36500F4CADD /* Assets.xcassets in Resources */,
				4B1085B222B2E36000F4CADD /* Main.storyboard in Resources */,
			);
			runOnlyForDeploymentPostprocessing = 0;
		};
/* End PBXResourcesBuildPhase section */

/* Begin PBXSourcesBuildPhase section */
		4B1085A522B2E35F00F4CADD /* Sources */ = {
			isa = PBXSourcesBuildPhase;
			buildActionMask = 2147483647;
			files = (
				4B1085BF22B2E6CD00F4CADD /* Photo.swift in Sources */,
				4B1085C122B2E9F700F4CADD /* PhotoController.swift in Sources */,
				4B1085AD22B2E36000F4CADD /* AppDelegate.swift in Sources */,
				4B1085C722B30A0200F4CADD /* PhotosCollectionViewController.swift in Sources */,
				4B1085C322B3080C00F4CADD /* ThemeHelper.swift in Sources */,
			);
			runOnlyForDeploymentPostprocessing = 0;
		};
/* End PBXSourcesBuildPhase section */

/* Begin PBXVariantGroup section */
		4B1085B022B2E36000F4CADD /* Main.storyboard */ = {
			isa = PBXVariantGroup;
			children = (
				4B1085B122B2E36000F4CADD /* Base */,
			);
			name = Main.storyboard;
			sourceTree = "<group>";
		};
		4B1085B522B2E36500F4CADD /* LaunchScreen.storyboard */ = {
			isa = PBXVariantGroup;
			children = (
				4B1085B622B2E36500F4CADD /* Base */,
			);
			name = LaunchScreen.storyboard;
			sourceTree = "<group>";
		};
/* End PBXVariantGroup section */

/* Begin XCBuildConfiguration section */
		4B1085B922B2E36500F4CADD /* Debug */ = {
			isa = XCBuildConfiguration;
			buildSettings = {
				ALWAYS_SEARCH_USER_PATHS = NO;
				CLANG_ANALYZER_NONNULL = YES;
				CLANG_ANALYZER_NUMBER_OBJECT_CONVERSION = YES_AGGRESSIVE;
				CLANG_CXX_LANGUAGE_STANDARD = "gnu++14";
				CLANG_CXX_LIBRARY = "libc++";
				CLANG_ENABLE_MODULES = YES;
				CLANG_ENABLE_OBJC_ARC = YES;
				CLANG_ENABLE_OBJC_WEAK = YES;
				CLANG_WARN_BLOCK_CAPTURE_AUTORELEASING = YES;
				CLANG_WARN_BOOL_CONVERSION = YES;
				CLANG_WARN_COMMA = YES;
				CLANG_WARN_CONSTANT_CONVERSION = YES;
				CLANG_WARN_DEPRECATED_OBJC_IMPLEMENTATIONS = YES;
				CLANG_WARN_DIRECT_OBJC_ISA_USAGE = YES_ERROR;
				CLANG_WARN_DOCUMENTATION_COMMENTS = YES;
				CLANG_WARN_EMPTY_BODY = YES;
				CLANG_WARN_ENUM_CONVERSION = YES;
				CLANG_WARN_INFINITE_RECURSION = YES;
				CLANG_WARN_INT_CONVERSION = YES;
				CLANG_WARN_NON_LITERAL_NULL_CONVERSION = YES;
				CLANG_WARN_OBJC_IMPLICIT_RETAIN_SELF = YES;
				CLANG_WARN_OBJC_LITERAL_CONVERSION = YES;
				CLANG_WARN_OBJC_ROOT_CLASS = YES_ERROR;
				CLANG_WARN_RANGE_LOOP_ANALYSIS = YES;
				CLANG_WARN_STRICT_PROTOTYPES = YES;
				CLANG_WARN_SUSPICIOUS_MOVE = YES;
				CLANG_WARN_UNGUARDED_AVAILABILITY = YES_AGGRESSIVE;
				CLANG_WARN_UNREACHABLE_CODE = YES;
				CLANG_WARN__DUPLICATE_METHOD_MATCH = YES;
				CODE_SIGN_IDENTITY = "iPhone Developer";
				COPY_PHASE_STRIP = NO;
				DEBUG_INFORMATION_FORMAT = dwarf;
				ENABLE_STRICT_OBJC_MSGSEND = YES;
				ENABLE_TESTABILITY = YES;
				GCC_C_LANGUAGE_STANDARD = gnu11;
				GCC_DYNAMIC_NO_PIC = NO;
				GCC_NO_COMMON_BLOCKS = YES;
				GCC_OPTIMIZATION_LEVEL = 0;
				GCC_PREPROCESSOR_DEFINITIONS = (
					"DEBUG=1",
					"$(inherited)",
				);
				GCC_WARN_64_TO_32_BIT_CONVERSION = YES;
				GCC_WARN_ABOUT_RETURN_TYPE = YES_ERROR;
				GCC_WARN_UNDECLARED_SELECTOR = YES;
				GCC_WARN_UNINITIALIZED_AUTOS = YES_AGGRESSIVE;
				GCC_WARN_UNUSED_FUNCTION = YES;
				GCC_WARN_UNUSED_VARIABLE = YES;
				IPHONEOS_DEPLOYMENT_TARGET = 12.2;
				MTL_ENABLE_DEBUG_INFO = INCLUDE_SOURCE;
				MTL_FAST_MATH = YES;
				ONLY_ACTIVE_ARCH = YES;
				SDKROOT = iphoneos;
				SWIFT_ACTIVE_COMPILATION_CONDITIONS = DEBUG;
				SWIFT_OPTIMIZATION_LEVEL = "-Onone";
			};
			name = Debug;
		};
		4B1085BA22B2E36500F4CADD /* Release */ = {
			isa = XCBuildConfiguration;
			buildSettings = {
				ALWAYS_SEARCH_USER_PATHS = NO;
				CLANG_ANALYZER_NONNULL = YES;
				CLANG_ANALYZER_NUMBER_OBJECT_CONVERSION = YES_AGGRESSIVE;
				CLANG_CXX_LANGUAGE_STANDARD = "gnu++14";
				CLANG_CXX_LIBRARY = "libc++";
				CLANG_ENABLE_MODULES = YES;
				CLANG_ENABLE_OBJC_ARC = YES;
				CLANG_ENABLE_OBJC_WEAK = YES;
				CLANG_WARN_BLOCK_CAPTURE_AUTORELEASING = YES;
				CLANG_WARN_BOOL_CONVERSION = YES;
				CLANG_WARN_COMMA = YES;
				CLANG_WARN_CONSTANT_CONVERSION = YES;
				CLANG_WARN_DEPRECATED_OBJC_IMPLEMENTATIONS = YES;
				CLANG_WARN_DIRECT_OBJC_ISA_USAGE = YES_ERROR;
				CLANG_WARN_DOCUMENTATION_COMMENTS = YES;
				CLANG_WARN_EMPTY_BODY = YES;
				CLANG_WARN_ENUM_CONVERSION = YES;
				CLANG_WARN_INFINITE_RECURSION = YES;
				CLANG_WARN_INT_CONVERSION = YES;
				CLANG_WARN_NON_LITERAL_NULL_CONVERSION = YES;
				CLANG_WARN_OBJC_IMPLICIT_RETAIN_SELF = YES;
				CLANG_WARN_OBJC_LITERAL_CONVERSION = YES;
				CLANG_WARN_OBJC_ROOT_CLASS = YES_ERROR;
				CLANG_WARN_RANGE_LOOP_ANALYSIS = YES;
				CLANG_WARN_STRICT_PROTOTYPES = YES;
				CLANG_WARN_SUSPICIOUS_MOVE = YES;
				CLANG_WARN_UNGUARDED_AVAILABILITY = YES_AGGRESSIVE;
				CLANG_WARN_UNREACHABLE_CODE = YES;
				CLANG_WARN__DUPLICATE_METHOD_MATCH = YES;
				CODE_SIGN_IDENTITY = "iPhone Developer";
				COPY_PHASE_STRIP = NO;
				DEBUG_INFORMATION_FORMAT = "dwarf-with-dsym";
				ENABLE_NS_ASSERTIONS = NO;
				ENABLE_STRICT_OBJC_MSGSEND = YES;
				GCC_C_LANGUAGE_STANDARD = gnu11;
				GCC_NO_COMMON_BLOCKS = YES;
				GCC_WARN_64_TO_32_BIT_CONVERSION = YES;
				GCC_WARN_ABOUT_RETURN_TYPE = YES_ERROR;
				GCC_WARN_UNDECLARED_SELECTOR = YES;
				GCC_WARN_UNINITIALIZED_AUTOS = YES_AGGRESSIVE;
				GCC_WARN_UNUSED_FUNCTION = YES;
				GCC_WARN_UNUSED_VARIABLE = YES;
				IPHONEOS_DEPLOYMENT_TARGET = 12.2;
				MTL_ENABLE_DEBUG_INFO = NO;
				MTL_FAST_MATH = YES;
				SDKROOT = iphoneos;
				SWIFT_COMPILATION_MODE = wholemodule;
				SWIFT_OPTIMIZATION_LEVEL = "-O";
				VALIDATE_PRODUCT = YES;
			};
			name = Release;
		};
		4B1085BC22B2E36500F4CADD /* Debug */ = {
			isa = XCBuildConfiguration;
			buildSettings = {
				ASSETCATALOG_COMPILER_APPICON_NAME = AppIcon;
				CODE_SIGN_STYLE = Automatic;
				INFOPLIST_FILE = PhotoCollection/Info.plist;
				LD_RUNPATH_SEARCH_PATHS = (
					"$(inherited)",
					"@executable_path/Frameworks",
				);
				PRODUCT_BUNDLE_IDENTIFIER = thoaile.PhotoCollection;
				PRODUCT_NAME = "$(TARGET_NAME)";
				SWIFT_VERSION = 5.0;
				TARGETED_DEVICE_FAMILY = "1,2";
			};
			name = Debug;
		};
		4B1085BD22B2E36500F4CADD /* Release */ = {
			isa = XCBuildConfiguration;
			buildSettings = {
				ASSETCATALOG_COMPILER_APPICON_NAME = AppIcon;
				CODE_SIGN_STYLE = Automatic;
				INFOPLIST_FILE = PhotoCollection/Info.plist;
				LD_RUNPATH_SEARCH_PATHS = (
					"$(inherited)",
					"@executable_path/Frameworks",
				);
				PRODUCT_BUNDLE_IDENTIFIER = thoaile.PhotoCollection;
				PRODUCT_NAME = "$(TARGET_NAME)";
				SWIFT_VERSION = 5.0;
				TARGETED_DEVICE_FAMILY = "1,2";
			};
			name = Release;
		};
/* End XCBuildConfiguration section */

/* Begin XCConfigurationList section */
		4B1085A422B2E35F00F4CADD /* Build configuration list for PBXProject "PhotoCollection" */ = {
			isa = XCConfigurationList;
			buildConfigurations = (
				4B1085B922B2E36500F4CADD /* Debug */,
				4B1085BA22B2E36500F4CADD /* Release */,
			);
			defaultConfigurationIsVisible = 0;
			defaultConfigurationName = Release;
		};
		4B1085BB22B2E36500F4CADD /* Build configuration list for PBXNativeTarget "PhotoCollection" */ = {
			isa = XCConfigurationList;
			buildConfigurations = (
				4B1085BC22B2E36500F4CADD /* Debug */,
				4B1085BD22B2E36500F4CADD /* Release */,
			);
			defaultConfigurationIsVisible = 0;
			defaultConfigurationName = Release;
		};
/* End XCConfigurationList section */
	};
	rootObject = 4B1085A122B2E35F00F4CADD /* Project object */;
}
